// !$*UTF8*$!
{
	archiveVersion = 1;
	classes = {
	};
	objectVersion = 54;
	objects = {

/* Begin PBXBuildFile section */
		00E356F31AD99517003FC87E /* goteddytextTests.m in Sources */ = {isa = PBXBuildFile; fileRef = 00E356F21AD99517003FC87E /* goteddytextTests.m */; };
		13B07FBC1A68108700A75B9A /* AppDelegate.m in Sources */ = {isa = PBXBuildFile; fileRef = 13B07FB01A68108700A75B9A /* AppDelegate.m */; };
		13B07FBF1A68108700A75B9A /* Images.xcassets in Resources */ = {isa = PBXBuildFile; fileRef = 13B07FB51A68108700A75B9A /* Images.xcassets */; };
		13B07FC11A68108700A75B9A /* main.m in Sources */ = {isa = PBXBuildFile; fileRef = 13B07FB71A68108700A75B9A /* main.m */; };
		6172F2D35A4C3AA820D92908 /* libPods-goteddytext.a in Frameworks */ = {isa = PBXBuildFile; fileRef = 6423831EA8574132BED9D8CC /* libPods-goteddytext.a */; };
		7EF68E3733C33B6898317E18 /* libPods-goteddytext-goteddytextTests.a in Frameworks */ = {isa = PBXBuildFile; fileRef = ABFE59519B596E51CEFDCCC0 /* libPods-goteddytext-goteddytextTests.a */; };
		81AB9BB82411601600AC10FF /* LaunchScreen.storyboard in Resources */ = {isa = PBXBuildFile; fileRef = 81AB9BB72411601600AC10FF /* LaunchScreen.storyboard */; };
		1E8B53AE362B43B9B0E948B3 /* NotoSansLao-Black.ttf in Resources */ = {isa = PBXBuildFile; fileRef = B7B00F5378A04655903B01C6 /* NotoSansLao-Black.ttf */; };
		C852C2B85D864359BFB16A4F /* NotoSansLao-Bold.ttf in Resources */ = {isa = PBXBuildFile; fileRef = 821625111B8A44028899946B /* NotoSansLao-Bold.ttf */; };
		9FD8E2814D3F4417AE7F2751 /* NotoSansLao-ExtraBold.ttf in Resources */ = {isa = PBXBuildFile; fileRef = 22031EB7D2574A45BC364273 /* NotoSansLao-ExtraBold.ttf */; };
		9F2BC4CDE4D84F7C983020E3 /* NotoSansLao-ExtraLight.ttf in Resources */ = {isa = PBXBuildFile; fileRef = E9D9D930039040169637E2BE /* NotoSansLao-ExtraLight.ttf */; };
		2B94C0692F334F1FA4966FAD /* NotoSansLao-Light.ttf in Resources */ = {isa = PBXBuildFile; fileRef = F4FD0B80C3194715A67BF09F /* NotoSansLao-Light.ttf */; };
		CB514DA809B34F8BA12B049C /* NotoSansLao-Medium.ttf in Resources */ = {isa = PBXBuildFile; fileRef = 60FBB0A525504C8BB38C1896 /* NotoSansLao-Medium.ttf */; };
		B509365211814B7CB0DCA317 /* NotoSansLao-Regular.ttf in Resources */ = {isa = PBXBuildFile; fileRef = 040D4E8F95C64B78BC81E39F /* NotoSansLao-Regular.ttf */; };
		5D437D8C4706427AA67AF356 /* NotoSansLao-SemiBold.ttf in Resources */ = {isa = PBXBuildFile; fileRef = 10F75C7B686E40ECB1442571 /* NotoSansLao-SemiBold.ttf */; };
		3361D6EF02B24FD6976EBF28 /* NotoSansLao-Thin.ttf in Resources */ = {isa = PBXBuildFile; fileRef = BB746BD5D5FA4B5B92189E0C /* NotoSansLao-Thin.ttf */; };
		7B4C9E757FD74673B34A3A0A /* NotoSerifLao-Black.ttf in Resources */ = {isa = PBXBuildFile; fileRef = BDC9131CC93E4D7BAECFDB74 /* NotoSerifLao-Black.ttf */; };
		EDAB4580597F41F78103B120 /* NotoSerifLao-Bold.ttf in Resources */ = {isa = PBXBuildFile; fileRef = D2A99027B7094767B1992FA4 /* NotoSerifLao-Bold.ttf */; };
		6E2BC24DC065486B9C36ED77 /* NotoSerifLao-ExtraBold.ttf in Resources */ = {isa = PBXBuildFile; fileRef = E04CE75BDEB446CFA44640B1 /* NotoSerifLao-ExtraBold.ttf */; };
		81FFD7687AB047899F4CA047 /* NotoSerifLao-ExtraLight.ttf in Resources */ = {isa = PBXBuildFile; fileRef = 9265641643B246A2BC1DB276 /* NotoSerifLao-ExtraLight.ttf */; };
		B7A38641950C48A7A46D55A1 /* NotoSerifLao-Light.ttf in Resources */ = {isa = PBXBuildFile; fileRef = 404B27047D6D4EED88D1163F /* NotoSerifLao-Light.ttf */; };
		D3AD242FCB9343E69BC8FD3F /* NotoSerifLao-Medium.ttf in Resources */ = {isa = PBXBuildFile; fileRef = 109DD6286F4642799501E3E7 /* NotoSerifLao-Medium.ttf */; };
		60283C8E3F2943A2A0C20781 /* NotoSerifLao-Regular.ttf in Resources */ = {isa = PBXBuildFile; fileRef = BC4D6B96B20448CEB9007098 /* NotoSerifLao-Regular.ttf */; };
		720F562F86634627AA60DC41 /* NotoSerifLao-SemiBold.ttf in Resources */ = {isa = PBXBuildFile; fileRef = A67720159FF74B4ABC8CE783 /* NotoSerifLao-SemiBold.ttf */; };
		8B278FE81FEC4CA99B6B166F /* NotoSerifLao-Thin.ttf in Resources */ = {isa = PBXBuildFile; fileRef = 288BDB845E6A460490ED7FAF /* NotoSerifLao-Thin.ttf */; };
		6D467F5431C0450DB7AC7BD5 /* PTSans-Bold.ttf in Resources */ = {isa = PBXBuildFile; fileRef = 38ADC0C1793D46AFA4AA06C9 /* PTSans-Bold.ttf */; };
		20A9E6117CC84B11AD7A80EE /* PTSans-BoldItalic.ttf in Resources */ = {isa = PBXBuildFile; fileRef = A8A49256C56B43E5928AA175 /* PTSans-BoldItalic.ttf */; };
		417E10C34A5D45EBA27511C6 /* PTSans-Italic.ttf in Resources */ = {isa = PBXBuildFile; fileRef = 43E8DF30D82847A6854DACD2 /* PTSans-Italic.ttf */; };
		5C17EBA4425744CBB7A8959A /* PTSans-Regular.ttf in Resources */ = {isa = PBXBuildFile; fileRef = C450588C1A604C45BD40EDAC /* PTSans-Regular.ttf */; };
/* End PBXBuildFile section */

/* Begin PBXContainerItemProxy section */
		00E356F41AD99517003FC87E /* PBXContainerItemProxy */ = {
			isa = PBXContainerItemProxy;
			containerPortal = 83CBB9F71A601CBA00E9B192 /* Project object */;
			proxyType = 1;
			remoteGlobalIDString = 13B07F861A680F5B00A75B9A;
			remoteInfo = goteddytext;
		};
/* End PBXContainerItemProxy section */

/* Begin PBXFileReference section */
		00E356EE1AD99517003FC87E /* goteddytextTests.xctest */ = {isa = PBXFileReference; explicitFileType = wrapper.cfbundle; includeInIndex = 0; path = goteddytextTests.xctest; sourceTree = BUILT_PRODUCTS_DIR; };
		00E356F11AD99517003FC87E /* Info.plist */ = {isa = PBXFileReference; lastKnownFileType = text.plist.xml; path = Info.plist; sourceTree = "<group>"; };
		00E356F21AD99517003FC87E /* goteddytextTests.m */ = {isa = PBXFileReference; lastKnownFileType = sourcecode.c.objc; path = goteddytextTests.m; sourceTree = "<group>"; };
		13B07F961A680F5B00A75B9A /* goteddytext.app */ = {isa = PBXFileReference; explicitFileType = wrapper.application; includeInIndex = 0; path = goteddytext.app; sourceTree = BUILT_PRODUCTS_DIR; };
		13B07FAF1A68108700A75B9A /* AppDelegate.h */ = {isa = PBXFileReference; fileEncoding = 4; lastKnownFileType = sourcecode.c.h; name = AppDelegate.h; path = goteddytext/AppDelegate.h; sourceTree = "<group>"; };
		13B07FB01A68108700A75B9A /* AppDelegate.m */ = {isa = PBXFileReference; fileEncoding = 4; lastKnownFileType = sourcecode.c.objc; name = AppDelegate.m; path = goteddytext/AppDelegate.m; sourceTree = "<group>"; };
		13B07FB51A68108700A75B9A /* Images.xcassets */ = {isa = PBXFileReference; lastKnownFileType = folder.assetcatalog; name = Images.xcassets; path = goteddytext/Images.xcassets; sourceTree = "<group>"; };
		13B07FB61A68108700A75B9A /* Info.plist */ = {isa = PBXFileReference; fileEncoding = 4; lastKnownFileType = text.plist.xml; name = Info.plist; path = goteddytext/Info.plist; sourceTree = "<group>"; };
		13B07FB71A68108700A75B9A /* main.m */ = {isa = PBXFileReference; fileEncoding = 4; lastKnownFileType = sourcecode.c.objc; name = main.m; path = goteddytext/main.m; sourceTree = "<group>"; };
		1D0AE47A65C8663E3B452821 /* Pods-goteddytext-goteddytextTests.release.xcconfig */ = {isa = PBXFileReference; includeInIndex = 1; lastKnownFileType = text.xcconfig; name = "Pods-goteddytext-goteddytextTests.release.xcconfig"; path = "Target Support Files/Pods-goteddytext-goteddytextTests/Pods-goteddytext-goteddytextTests.release.xcconfig"; sourceTree = "<group>"; };
		6423831EA8574132BED9D8CC /* libPods-goteddytext.a */ = {isa = PBXFileReference; explicitFileType = archive.ar; includeInIndex = 0; path = "libPods-goteddytext.a"; sourceTree = BUILT_PRODUCTS_DIR; };
		6C97AB639B58BBB4B15BBE30 /* Pods-goteddytext-goteddytextTests.debug.xcconfig */ = {isa = PBXFileReference; includeInIndex = 1; lastKnownFileType = text.xcconfig; name = "Pods-goteddytext-goteddytextTests.debug.xcconfig"; path = "Target Support Files/Pods-goteddytext-goteddytextTests/Pods-goteddytext-goteddytextTests.debug.xcconfig"; sourceTree = "<group>"; };
		81AB9BB72411601600AC10FF /* LaunchScreen.storyboard */ = {isa = PBXFileReference; fileEncoding = 4; lastKnownFileType = file.storyboard; name = LaunchScreen.storyboard; path = goteddytext/LaunchScreen.storyboard; sourceTree = "<group>"; };
		ABFE59519B596E51CEFDCCC0 /* libPods-goteddytext-goteddytextTests.a */ = {isa = PBXFileReference; explicitFileType = archive.ar; includeInIndex = 0; path = "libPods-goteddytext-goteddytextTests.a"; sourceTree = BUILT_PRODUCTS_DIR; };
		C0A881CF5CF3F2B244570E2A /* Pods-goteddytext.debug.xcconfig */ = {isa = PBXFileReference; includeInIndex = 1; lastKnownFileType = text.xcconfig; name = "Pods-goteddytext.debug.xcconfig"; path = "Target Support Files/Pods-goteddytext/Pods-goteddytext.debug.xcconfig"; sourceTree = "<group>"; };
		D00AAFFCFCFDA5787532823F /* Pods-goteddytext.release.xcconfig */ = {isa = PBXFileReference; includeInIndex = 1; lastKnownFileType = text.xcconfig; name = "Pods-goteddytext.release.xcconfig"; path = "Target Support Files/Pods-goteddytext/Pods-goteddytext.release.xcconfig"; sourceTree = "<group>"; };
		ED297162215061F000B7C4FE /* JavaScriptCore.framework */ = {isa = PBXFileReference; lastKnownFileType = wrapper.framework; name = JavaScriptCore.framework; path = System/Library/Frameworks/JavaScriptCore.framework; sourceTree = SDKROOT; };
		B7B00F5378A04655903B01C6 /* NotoSansLao-Black.ttf */ = {isa = PBXFileReference; name = "NotoSansLao-Black.ttf"; path = "../src/assets/fonts/NotoSansLao-Black.ttf"; sourceTree = "<group>"; fileEncoding = undefined; lastKnownFileType = unknown; explicitFileType = undefined; includeInIndex = 0; };
		821625111B8A44028899946B /* NotoSansLao-Bold.ttf */ = {isa = PBXFileReference; name = "NotoSansLao-Bold.ttf"; path = "../src/assets/fonts/NotoSansLao-Bold.ttf"; sourceTree = "<group>"; fileEncoding = undefined; lastKnownFileType = unknown; explicitFileType = undefined; includeInIndex = 0; };
		22031EB7D2574A45BC364273 /* NotoSansLao-ExtraBold.ttf */ = {isa = PBXFileReference; name = "NotoSansLao-ExtraBold.ttf"; path = "../src/assets/fonts/NotoSansLao-ExtraBold.ttf"; sourceTree = "<group>"; fileEncoding = undefined; lastKnownFileType = unknown; explicitFileType = undefined; includeInIndex = 0; };
		E9D9D930039040169637E2BE /* NotoSansLao-ExtraLight.ttf */ = {isa = PBXFileReference; name = "NotoSansLao-ExtraLight.ttf"; path = "../src/assets/fonts/NotoSansLao-ExtraLight.ttf"; sourceTree = "<group>"; fileEncoding = undefined; lastKnownFileType = unknown; explicitFileType = undefined; includeInIndex = 0; };
		F4FD0B80C3194715A67BF09F /* NotoSansLao-Light.ttf */ = {isa = PBXFileReference; name = "NotoSansLao-Light.ttf"; path = "../src/assets/fonts/NotoSansLao-Light.ttf"; sourceTree = "<group>"; fileEncoding = undefined; lastKnownFileType = unknown; explicitFileType = undefined; includeInIndex = 0; };
		60FBB0A525504C8BB38C1896 /* NotoSansLao-Medium.ttf */ = {isa = PBXFileReference; name = "NotoSansLao-Medium.ttf"; path = "../src/assets/fonts/NotoSansLao-Medium.ttf"; sourceTree = "<group>"; fileEncoding = undefined; lastKnownFileType = unknown; explicitFileType = undefined; includeInIndex = 0; };
		040D4E8F95C64B78BC81E39F /* NotoSansLao-Regular.ttf */ = {isa = PBXFileReference; name = "NotoSansLao-Regular.ttf"; path = "../src/assets/fonts/NotoSansLao-Regular.ttf"; sourceTree = "<group>"; fileEncoding = undefined; lastKnownFileType = unknown; explicitFileType = undefined; includeInIndex = 0; };
		10F75C7B686E40ECB1442571 /* NotoSansLao-SemiBold.ttf */ = {isa = PBXFileReference; name = "NotoSansLao-SemiBold.ttf"; path = "../src/assets/fonts/NotoSansLao-SemiBold.ttf"; sourceTree = "<group>"; fileEncoding = undefined; lastKnownFileType = unknown; explicitFileType = undefined; includeInIndex = 0; };
		BB746BD5D5FA4B5B92189E0C /* NotoSansLao-Thin.ttf */ = {isa = PBXFileReference; name = "NotoSansLao-Thin.ttf"; path = "../src/assets/fonts/NotoSansLao-Thin.ttf"; sourceTree = "<group>"; fileEncoding = undefined; lastKnownFileType = unknown; explicitFileType = undefined; includeInIndex = 0; };
		BDC9131CC93E4D7BAECFDB74 /* NotoSerifLao-Black.ttf */ = {isa = PBXFileReference; name = "NotoSerifLao-Black.ttf"; path = "../src/assets/fonts/NotoSerifLao-Black.ttf"; sourceTree = "<group>"; fileEncoding = undefined; lastKnownFileType = unknown; explicitFileType = undefined; includeInIndex = 0; };
		D2A99027B7094767B1992FA4 /* NotoSerifLao-Bold.ttf */ = {isa = PBXFileReference; name = "NotoSerifLao-Bold.ttf"; path = "../src/assets/fonts/NotoSerifLao-Bold.ttf"; sourceTree = "<group>"; fileEncoding = undefined; lastKnownFileType = unknown; explicitFileType = undefined; includeInIndex = 0; };
		E04CE75BDEB446CFA44640B1 /* NotoSerifLao-ExtraBold.ttf */ = {isa = PBXFileReference; name = "NotoSerifLao-ExtraBold.ttf"; path = "../src/assets/fonts/NotoSerifLao-ExtraBold.ttf"; sourceTree = "<group>"; fileEncoding = undefined; lastKnownFileType = unknown; explicitFileType = undefined; includeInIndex = 0; };
		9265641643B246A2BC1DB276 /* NotoSerifLao-ExtraLight.ttf */ = {isa = PBXFileReference; name = "NotoSerifLao-ExtraLight.ttf"; path = "../src/assets/fonts/NotoSerifLao-ExtraLight.ttf"; sourceTree = "<group>"; fileEncoding = undefined; lastKnownFileType = unknown; explicitFileType = undefined; includeInIndex = 0; };
		404B27047D6D4EED88D1163F /* NotoSerifLao-Light.ttf */ = {isa = PBXFileReference; name = "NotoSerifLao-Light.ttf"; path = "../src/assets/fonts/NotoSerifLao-Light.ttf"; sourceTree = "<group>"; fileEncoding = undefined; lastKnownFileType = unknown; explicitFileType = undefined; includeInIndex = 0; };
		109DD6286F4642799501E3E7 /* NotoSerifLao-Medium.ttf */ = {isa = PBXFileReference; name = "NotoSerifLao-Medium.ttf"; path = "../src/assets/fonts/NotoSerifLao-Medium.ttf"; sourceTree = "<group>"; fileEncoding = undefined; lastKnownFileType = unknown; explicitFileType = undefined; includeInIndex = 0; };
		BC4D6B96B20448CEB9007098 /* NotoSerifLao-Regular.ttf */ = {isa = PBXFileReference; name = "NotoSerifLao-Regular.ttf"; path = "../src/assets/fonts/NotoSerifLao-Regular.ttf"; sourceTree = "<group>"; fileEncoding = undefined; lastKnownFileType = unknown; explicitFileType = undefined; includeInIndex = 0; };
		A67720159FF74B4ABC8CE783 /* NotoSerifLao-SemiBold.ttf */ = {isa = PBXFileReference; name = "NotoSerifLao-SemiBold.ttf"; path = "../src/assets/fonts/NotoSerifLao-SemiBold.ttf"; sourceTree = "<group>"; fileEncoding = undefined; lastKnownFileType = unknown; explicitFileType = undefined; includeInIndex = 0; };
		288BDB845E6A460490ED7FAF /* NotoSerifLao-Thin.ttf */ = {isa = PBXFileReference; name = "NotoSerifLao-Thin.ttf"; path = "../src/assets/fonts/NotoSerifLao-Thin.ttf"; sourceTree = "<group>"; fileEncoding = undefined; lastKnownFileType = unknown; explicitFileType = undefined; includeInIndex = 0; };
		38ADC0C1793D46AFA4AA06C9 /* PTSans-Bold.ttf */ = {isa = PBXFileReference; name = "PTSans-Bold.ttf"; path = "../src/assets/fonts/PTSans-Bold.ttf"; sourceTree = "<group>"; fileEncoding = undefined; lastKnownFileType = unknown; explicitFileType = undefined; includeInIndex = 0; };
		A8A49256C56B43E5928AA175 /* PTSans-BoldItalic.ttf */ = {isa = PBXFileReference; name = "PTSans-BoldItalic.ttf"; path = "../src/assets/fonts/PTSans-BoldItalic.ttf"; sourceTree = "<group>"; fileEncoding = undefined; lastKnownFileType = unknown; explicitFileType = undefined; includeInIndex = 0; };
		43E8DF30D82847A6854DACD2 /* PTSans-Italic.ttf */ = {isa = PBXFileReference; name = "PTSans-Italic.ttf"; path = "../src/assets/fonts/PTSans-Italic.ttf"; sourceTree = "<group>"; fileEncoding = undefined; lastKnownFileType = unknown; explicitFileType = undefined; includeInIndex = 0; };
		C450588C1A604C45BD40EDAC /* PTSans-Regular.ttf */ = {isa = PBXFileReference; name = "PTSans-Regular.ttf"; path = "../src/assets/fonts/PTSans-Regular.ttf"; sourceTree = "<group>"; fileEncoding = undefined; lastKnownFileType = unknown; explicitFileType = undefined; includeInIndex = 0; };
/* End PBXFileReference section */

/* Begin PBXFrameworksBuildPhase section */
		00E356EB1AD99517003FC87E /* Frameworks */ = {
			isa = PBXFrameworksBuildPhase;
			buildActionMask = 2147483647;
			files = (
				7EF68E3733C33B6898317E18 /* libPods-goteddytext-goteddytextTests.a in Frameworks */,
			);
			runOnlyForDeploymentPostprocessing = 0;
		};
		13B07F8C1A680F5B00A75B9A /* Frameworks */ = {
			isa = PBXFrameworksBuildPhase;
			buildActionMask = 2147483647;
			files = (
				6172F2D35A4C3AA820D92908 /* libPods-goteddytext.a in Frameworks */,
			);
			runOnlyForDeploymentPostprocessing = 0;
		};
/* End PBXFrameworksBuildPhase section */

/* Begin PBXGroup section */
		00E356EF1AD99517003FC87E /* goteddytextTests */ = {
			isa = PBXGroup;
			children = (
				00E356F21AD99517003FC87E /* goteddytextTests.m */,
				00E356F01AD99517003FC87E /* Supporting Files */,
			);
			path = goteddytextTests;
			sourceTree = "<group>";
		};
		00E356F01AD99517003FC87E /* Supporting Files */ = {
			isa = PBXGroup;
			children = (
				00E356F11AD99517003FC87E /* Info.plist */,
			);
			name = "Supporting Files";
			sourceTree = "<group>";
		};
		13B07FAE1A68108700A75B9A /* goteddytext */ = {
			isa = PBXGroup;
			children = (
				13B07FAF1A68108700A75B9A /* AppDelegate.h */,
				13B07FB01A68108700A75B9A /* AppDelegate.m */,
				13B07FB51A68108700A75B9A /* Images.xcassets */,
				13B07FB61A68108700A75B9A /* Info.plist */,
				81AB9BB72411601600AC10FF /* LaunchScreen.storyboard */,
				13B07FB71A68108700A75B9A /* main.m */,
			);
			name = goteddytext;
			sourceTree = "<group>";
		};
		2D16E6871FA4F8E400B85C8A /* Frameworks */ = {
			isa = PBXGroup;
			children = (
				ED297162215061F000B7C4FE /* JavaScriptCore.framework */,
				6423831EA8574132BED9D8CC /* libPods-goteddytext.a */,
				ABFE59519B596E51CEFDCCC0 /* libPods-goteddytext-goteddytextTests.a */,
			);
			name = Frameworks;
			sourceTree = "<group>";
		};
		832341AE1AAA6A7D00B99B32 /* Libraries */ = {
			isa = PBXGroup;
			children = (
			);
			name = Libraries;
			sourceTree = "<group>";
		};
		83CBB9F61A601CBA00E9B192 = {
			isa = PBXGroup;
			children = (
				13B07FAE1A68108700A75B9A /* goteddytext */,
				832341AE1AAA6A7D00B99B32 /* Libraries */,
				00E356EF1AD99517003FC87E /* goteddytextTests */,
				83CBBA001A601CBA00E9B192 /* Products */,
				2D16E6871FA4F8E400B85C8A /* Frameworks */,
				E233CBF5F47BEE60B243DCF8 /* Pods */,
				E9CE67B9738E4CE2BD6ABC89 /* Resources */,
			);
			indentWidth = 2;
			sourceTree = "<group>";
			tabWidth = 2;
			usesTabs = 0;
		};
		83CBBA001A601CBA00E9B192 /* Products */ = {
			isa = PBXGroup;
			children = (
				13B07F961A680F5B00A75B9A /* goteddytext.app */,
				00E356EE1AD99517003FC87E /* goteddytextTests.xctest */,
			);
			name = Products;
			sourceTree = "<group>";
		};
		E233CBF5F47BEE60B243DCF8 /* Pods */ = {
			isa = PBXGroup;
			children = (
				C0A881CF5CF3F2B244570E2A /* Pods-goteddytext.debug.xcconfig */,
				D00AAFFCFCFDA5787532823F /* Pods-goteddytext.release.xcconfig */,
				6C97AB639B58BBB4B15BBE30 /* Pods-goteddytext-goteddytextTests.debug.xcconfig */,
				1D0AE47A65C8663E3B452821 /* Pods-goteddytext-goteddytextTests.release.xcconfig */,
			);
			name = Pods;
			path = Pods;
			sourceTree = "<group>";
		};
		E9CE67B9738E4CE2BD6ABC89 /* Resources */ = {
			isa = "PBXGroup";
			children = (
				B7B00F5378A04655903B01C6 /* NotoSansLao-Black.ttf */,
				821625111B8A44028899946B /* NotoSansLao-Bold.ttf */,
				22031EB7D2574A45BC364273 /* NotoSansLao-ExtraBold.ttf */,
				E9D9D930039040169637E2BE /* NotoSansLao-ExtraLight.ttf */,
				F4FD0B80C3194715A67BF09F /* NotoSansLao-Light.ttf */,
				60FBB0A525504C8BB38C1896 /* NotoSansLao-Medium.ttf */,
				040D4E8F95C64B78BC81E39F /* NotoSansLao-Regular.ttf */,
				10F75C7B686E40ECB1442571 /* NotoSansLao-SemiBold.ttf */,
				BB746BD5D5FA4B5B92189E0C /* NotoSansLao-Thin.ttf */,
				BDC9131CC93E4D7BAECFDB74 /* NotoSerifLao-Black.ttf */,
				D2A99027B7094767B1992FA4 /* NotoSerifLao-Bold.ttf */,
				E04CE75BDEB446CFA44640B1 /* NotoSerifLao-ExtraBold.ttf */,
				9265641643B246A2BC1DB276 /* NotoSerifLao-ExtraLight.ttf */,
				404B27047D6D4EED88D1163F /* NotoSerifLao-Light.ttf */,
				109DD6286F4642799501E3E7 /* NotoSerifLao-Medium.ttf */,
				BC4D6B96B20448CEB9007098 /* NotoSerifLao-Regular.ttf */,
				A67720159FF74B4ABC8CE783 /* NotoSerifLao-SemiBold.ttf */,
				288BDB845E6A460490ED7FAF /* NotoSerifLao-Thin.ttf */,
				38ADC0C1793D46AFA4AA06C9 /* PTSans-Bold.ttf */,
				A8A49256C56B43E5928AA175 /* PTSans-BoldItalic.ttf */,
				43E8DF30D82847A6854DACD2 /* PTSans-Italic.ttf */,
				C450588C1A604C45BD40EDAC /* PTSans-Regular.ttf */,
			);
			name = Resources;
			sourceTree = "<group>";
			path = "";
		};
/* End PBXGroup section */

/* Begin PBXNativeTarget section */
		00E356ED1AD99517003FC87E /* goteddytextTests */ = {
			isa = PBXNativeTarget;
			buildConfigurationList = 00E357021AD99517003FC87E /* Build configuration list for PBXNativeTarget "goteddytextTests" */;
			buildPhases = (
				A130D646172E58E1D159D8F2 /* [CP] Check Pods Manifest.lock */,
				00E356EA1AD99517003FC87E /* Sources */,
				00E356EB1AD99517003FC87E /* Frameworks */,
				00E356EC1AD99517003FC87E /* Resources */,
				077E01280D4B4AD18B2E1770 /* [CP] Embed Pods Frameworks */,
				4E62BDF20514810D028A5FBF /* [CP] Copy Pods Resources */,
			);
			buildRules = (
			);
			dependencies = (
				00E356F51AD99517003FC87E /* PBXTargetDependency */,
			);
			name = goteddytextTests;
			productName = goteddytextTests;
			productReference = 00E356EE1AD99517003FC87E /* goteddytextTests.xctest */;
			productType = "com.apple.product-type.bundle.unit-test";
		};
		13B07F861A680F5B00A75B9A /* goteddytext */ = {
			isa = PBXNativeTarget;
			buildConfigurationList = 13B07F931A680F5B00A75B9A /* Build configuration list for PBXNativeTarget "goteddytext" */;
			buildPhases = (
				3E482C27206C4DEF2FE45063 /* [CP] Check Pods Manifest.lock */,
				FD10A7F022414F080027D42C /* Start Packager */,
				13B07F871A680F5B00A75B9A /* Sources */,
				13B07F8C1A680F5B00A75B9A /* Frameworks */,
				13B07F8E1A680F5B00A75B9A /* Resources */,
				00DD1BFF1BD5951E006B06BC /* Bundle React Native code and images */,
				C8AC78B0264D0F9F6F6D630E /* [CP] Embed Pods Frameworks */,
				ADC9DDC32298B72B3CF5DC8E /* [CP] Copy Pods Resources */,
			);
			buildRules = (
			);
			dependencies = (
			);
			name = goteddytext;
			productName = goteddytext;
			productReference = 13B07F961A680F5B00A75B9A /* goteddytext.app */;
			productType = "com.apple.product-type.application";
		};
/* End PBXNativeTarget section */

/* Begin PBXProject section */
		83CBB9F71A601CBA00E9B192 /* Project object */ = {
			isa = PBXProject;
			attributes = {
				LastUpgradeCheck = 1210;
				TargetAttributes = {
					00E356ED1AD99517003FC87E = {
						CreatedOnToolsVersion = 6.2;
						TestTargetID = 13B07F861A680F5B00A75B9A;
					};
					13B07F861A680F5B00A75B9A = {
						LastSwiftMigration = 1120;
					};
				};
			};
			buildConfigurationList = 83CBB9FA1A601CBA00E9B192 /* Build configuration list for PBXProject "goteddytext" */;
			compatibilityVersion = "Xcode 12.0";
			developmentRegion = en;
			hasScannedForEncodings = 0;
			knownRegions = (
				en,
				Base,
			);
			mainGroup = 83CBB9F61A601CBA00E9B192;
			productRefGroup = 83CBBA001A601CBA00E9B192 /* Products */;
			projectDirPath = "";
			projectRoot = "";
			targets = (
				13B07F861A680F5B00A75B9A /* goteddytext */,
				00E356ED1AD99517003FC87E /* goteddytextTests */,
			);
		};
/* End PBXProject section */

/* Begin PBXResourcesBuildPhase section */
		00E356EC1AD99517003FC87E /* Resources */ = {
			isa = PBXResourcesBuildPhase;
			buildActionMask = 2147483647;
			files = (
			);
			runOnlyForDeploymentPostprocessing = 0;
		};
		13B07F8E1A680F5B00A75B9A /* Resources */ = {
			isa = PBXResourcesBuildPhase;
			buildActionMask = 2147483647;
			files = (
				81AB9BB82411601600AC10FF /* LaunchScreen.storyboard in Resources */,
				13B07FBF1A68108700A75B9A /* Images.xcassets in Resources */,
				1E8B53AE362B43B9B0E948B3 /* NotoSansLao-Black.ttf in Resources */,
				C852C2B85D864359BFB16A4F /* NotoSansLao-Bold.ttf in Resources */,
				9FD8E2814D3F4417AE7F2751 /* NotoSansLao-ExtraBold.ttf in Resources */,
				9F2BC4CDE4D84F7C983020E3 /* NotoSansLao-ExtraLight.ttf in Resources */,
				2B94C0692F334F1FA4966FAD /* NotoSansLao-Light.ttf in Resources */,
				CB514DA809B34F8BA12B049C /* NotoSansLao-Medium.ttf in Resources */,
				B509365211814B7CB0DCA317 /* NotoSansLao-Regular.ttf in Resources */,
				5D437D8C4706427AA67AF356 /* NotoSansLao-SemiBold.ttf in Resources */,
				3361D6EF02B24FD6976EBF28 /* NotoSansLao-Thin.ttf in Resources */,
				7B4C9E757FD74673B34A3A0A /* NotoSerifLao-Black.ttf in Resources */,
				EDAB4580597F41F78103B120 /* NotoSerifLao-Bold.ttf in Resources */,
				6E2BC24DC065486B9C36ED77 /* NotoSerifLao-ExtraBold.ttf in Resources */,
				81FFD7687AB047899F4CA047 /* NotoSerifLao-ExtraLight.ttf in Resources */,
				B7A38641950C48A7A46D55A1 /* NotoSerifLao-Light.ttf in Resources */,
				D3AD242FCB9343E69BC8FD3F /* NotoSerifLao-Medium.ttf in Resources */,
				60283C8E3F2943A2A0C20781 /* NotoSerifLao-Regular.ttf in Resources */,
				720F562F86634627AA60DC41 /* NotoSerifLao-SemiBold.ttf in Resources */,
				8B278FE81FEC4CA99B6B166F /* NotoSerifLao-Thin.ttf in Resources */,
				6D467F5431C0450DB7AC7BD5 /* PTSans-Bold.ttf in Resources */,
				20A9E6117CC84B11AD7A80EE /* PTSans-BoldItalic.ttf in Resources */,
				417E10C34A5D45EBA27511C6 /* PTSans-Italic.ttf in Resources */,
				5C17EBA4425744CBB7A8959A /* PTSans-Regular.ttf in Resources */,
			);
			runOnlyForDeploymentPostprocessing = 0;
		};
/* End PBXResourcesBuildPhase section */

/* Begin PBXShellScriptBuildPhase section */
		00DD1BFF1BD5951E006B06BC /* Bundle React Native code and images */ = {
			isa = PBXShellScriptBuildPhase;
			buildActionMask = 2147483647;
			files = (
			);
			inputPaths = (
			);
			name = "Bundle React Native code and images";
			outputPaths = (
			);
			runOnlyForDeploymentPostprocessing = 0;
			shellPath = /bin/sh;
			shellScript = "set -e\n\nexport NODE_BINARY=node\n../node_modules/react-native/scripts/react-native-xcode.sh\n";
		};
		077E01280D4B4AD18B2E1770 /* [CP] Embed Pods Frameworks */ = {
			isa = PBXShellScriptBuildPhase;
			buildActionMask = 2147483647;
			files = (
			);
			inputFileListPaths = (
				"${PODS_ROOT}/Target Support Files/Pods-goteddytext-goteddytextTests/Pods-goteddytext-goteddytextTests-frameworks-${CONFIGURATION}-input-files.xcfilelist",
			);
			name = "[CP] Embed Pods Frameworks";
			outputFileListPaths = (
				"${PODS_ROOT}/Target Support Files/Pods-goteddytext-goteddytextTests/Pods-goteddytext-goteddytextTests-frameworks-${CONFIGURATION}-output-files.xcfilelist",
			);
			runOnlyForDeploymentPostprocessing = 0;
			shellPath = /bin/sh;
			shellScript = "\"${PODS_ROOT}/Target Support Files/Pods-goteddytext-goteddytextTests/Pods-goteddytext-goteddytextTests-frameworks.sh\"\n";
			showEnvVarsInLog = 0;
		};
		3E482C27206C4DEF2FE45063 /* [CP] Check Pods Manifest.lock */ = {
			isa = PBXShellScriptBuildPhase;
			buildActionMask = 2147483647;
			files = (
			);
			inputFileListPaths = (
			);
			inputPaths = (
				"${PODS_PODFILE_DIR_PATH}/Podfile.lock",
				"${PODS_ROOT}/Manifest.lock",
			);
			name = "[CP] Check Pods Manifest.lock";
			outputFileListPaths = (
			);
			outputPaths = (
				"$(DERIVED_FILE_DIR)/Pods-goteddytext-checkManifestLockResult.txt",
			);
			runOnlyForDeploymentPostprocessing = 0;
			shellPath = /bin/sh;
			shellScript = "diff \"${PODS_PODFILE_DIR_PATH}/Podfile.lock\" \"${PODS_ROOT}/Manifest.lock\" > /dev/null\nif [ $? != 0 ] ; then\n    # print error to STDERR\n    echo \"error: The sandbox is not in sync with the Podfile.lock. Run 'pod install' or update your CocoaPods installation.\" >&2\n    exit 1\nfi\n# This output is used by Xcode 'outputs' to avoid re-running this script phase.\necho \"SUCCESS\" > \"${SCRIPT_OUTPUT_FILE_0}\"\n";
			showEnvVarsInLog = 0;
		};
		4E62BDF20514810D028A5FBF /* [CP] Copy Pods Resources */ = {
			isa = PBXShellScriptBuildPhase;
			buildActionMask = 2147483647;
			files = (
			);
			inputFileListPaths = (
				"${PODS_ROOT}/Target Support Files/Pods-goteddytext-goteddytextTests/Pods-goteddytext-goteddytextTests-resources-${CONFIGURATION}-input-files.xcfilelist",
			);
			name = "[CP] Copy Pods Resources";
			outputFileListPaths = (
				"${PODS_ROOT}/Target Support Files/Pods-goteddytext-goteddytextTests/Pods-goteddytext-goteddytextTests-resources-${CONFIGURATION}-output-files.xcfilelist",
			);
			runOnlyForDeploymentPostprocessing = 0;
			shellPath = /bin/sh;
			shellScript = "\"${PODS_ROOT}/Target Support Files/Pods-goteddytext-goteddytextTests/Pods-goteddytext-goteddytextTests-resources.sh\"\n";
			showEnvVarsInLog = 0;
		};
		A130D646172E58E1D159D8F2 /* [CP] Check Pods Manifest.lock */ = {
			isa = PBXShellScriptBuildPhase;
			buildActionMask = 2147483647;
			files = (
			);
			inputFileListPaths = (
			);
			inputPaths = (
				"${PODS_PODFILE_DIR_PATH}/Podfile.lock",
				"${PODS_ROOT}/Manifest.lock",
			);
			name = "[CP] Check Pods Manifest.lock";
			outputFileListPaths = (
			);
			outputPaths = (
				"$(DERIVED_FILE_DIR)/Pods-goteddytext-goteddytextTests-checkManifestLockResult.txt",
			);
			runOnlyForDeploymentPostprocessing = 0;
			shellPath = /bin/sh;
			shellScript = "diff \"${PODS_PODFILE_DIR_PATH}/Podfile.lock\" \"${PODS_ROOT}/Manifest.lock\" > /dev/null\nif [ $? != 0 ] ; then\n    # print error to STDERR\n    echo \"error: The sandbox is not in sync with the Podfile.lock. Run 'pod install' or update your CocoaPods installation.\" >&2\n    exit 1\nfi\n# This output is used by Xcode 'outputs' to avoid re-running this script phase.\necho \"SUCCESS\" > \"${SCRIPT_OUTPUT_FILE_0}\"\n";
			showEnvVarsInLog = 0;
		};
		ADC9DDC32298B72B3CF5DC8E /* [CP] Copy Pods Resources */ = {
			isa = PBXShellScriptBuildPhase;
			buildActionMask = 2147483647;
			files = (
			);
			inputFileListPaths = (
				"${PODS_ROOT}/Target Support Files/Pods-goteddytext/Pods-goteddytext-resources-${CONFIGURATION}-input-files.xcfilelist",
			);
			name = "[CP] Copy Pods Resources";
			outputFileListPaths = (
				"${PODS_ROOT}/Target Support Files/Pods-goteddytext/Pods-goteddytext-resources-${CONFIGURATION}-output-files.xcfilelist",
			);
			runOnlyForDeploymentPostprocessing = 0;
			shellPath = /bin/sh;
			shellScript = "\"${PODS_ROOT}/Target Support Files/Pods-goteddytext/Pods-goteddytext-resources.sh\"\n";
			showEnvVarsInLog = 0;
		};
		C8AC78B0264D0F9F6F6D630E /* [CP] Embed Pods Frameworks */ = {
			isa = PBXShellScriptBuildPhase;
			buildActionMask = 2147483647;
			files = (
			);
			inputFileListPaths = (
				"${PODS_ROOT}/Target Support Files/Pods-goteddytext/Pods-goteddytext-frameworks-${CONFIGURATION}-input-files.xcfilelist",
			);
			name = "[CP] Embed Pods Frameworks";
			outputFileListPaths = (
				"${PODS_ROOT}/Target Support Files/Pods-goteddytext/Pods-goteddytext-frameworks-${CONFIGURATION}-output-files.xcfilelist",
			);
			runOnlyForDeploymentPostprocessing = 0;
			shellPath = /bin/sh;
			shellScript = "\"${PODS_ROOT}/Target Support Files/Pods-goteddytext/Pods-goteddytext-frameworks.sh\"\n";
			showEnvVarsInLog = 0;
		};
		FD10A7F022414F080027D42C /* Start Packager */ = {
			isa = PBXShellScriptBuildPhase;
			buildActionMask = 2147483647;
			files = (
			);
			inputFileListPaths = (
			);
			inputPaths = (
			);
			name = "Start Packager";
			outputFileListPaths = (
			);
			outputPaths = (
			);
			runOnlyForDeploymentPostprocessing = 0;
			shellPath = /bin/sh;
			shellScript = "export RCT_METRO_PORT=\"${RCT_METRO_PORT:=8081}\"\necho \"export RCT_METRO_PORT=${RCT_METRO_PORT}\" > \"${SRCROOT}/../node_modules/react-native/scripts/.packager.env\"\nif [ -z \"${RCT_NO_LAUNCH_PACKAGER+xxx}\" ] ; then\n  if nc -w 5 -z localhost ${RCT_METRO_PORT} ; then\n    if ! curl -s \"http://localhost:${RCT_METRO_PORT}/status\" | grep -q \"packager-status:running\" ; then\n      echo \"Port ${RCT_METRO_PORT} already in use, packager is either not running or not running correctly\"\n      exit 2\n    fi\n  else\n    open \"$SRCROOT/../node_modules/react-native/scripts/launchPackager.command\" || echo \"Can't start packager automatically\"\n  fi\nfi\n";
			showEnvVarsInLog = 0;
		};
/* End PBXShellScriptBuildPhase section */

/* Begin PBXSourcesBuildPhase section */
		00E356EA1AD99517003FC87E /* Sources */ = {
			isa = PBXSourcesBuildPhase;
			buildActionMask = 2147483647;
			files = (
				00E356F31AD99517003FC87E /* goteddytextTests.m in Sources */,
			);
			runOnlyForDeploymentPostprocessing = 0;
		};
		13B07F871A680F5B00A75B9A /* Sources */ = {
			isa = PBXSourcesBuildPhase;
			buildActionMask = 2147483647;
			files = (
				13B07FBC1A68108700A75B9A /* AppDelegate.m in Sources */,
				13B07FC11A68108700A75B9A /* main.m in Sources */,
			);
			runOnlyForDeploymentPostprocessing = 0;
		};
/* End PBXSourcesBuildPhase section */

/* Begin PBXTargetDependency section */
		00E356F51AD99517003FC87E /* PBXTargetDependency */ = {
			isa = PBXTargetDependency;
			target = 13B07F861A680F5B00A75B9A /* goteddytext */;
			targetProxy = 00E356F41AD99517003FC87E /* PBXContainerItemProxy */;
		};
/* End PBXTargetDependency section */

/* Begin XCBuildConfiguration section */
		00E356F61AD99517003FC87E /* Debug */ = {
			isa = XCBuildConfiguration;
			baseConfigurationReference = 6C97AB639B58BBB4B15BBE30 /* Pods-goteddytext-goteddytextTests.debug.xcconfig */;
			buildSettings = {
				BUNDLE_LOADER = "$(TEST_HOST)";
				GCC_PREPROCESSOR_DEFINITIONS = (
					"DEBUG=1",
					"$(inherited)",
				);
				INFOPLIST_FILE = goteddytextTests/Info.plist;
				IPHONEOS_DEPLOYMENT_TARGET = 11.0;
				LD_RUNPATH_SEARCH_PATHS = (
					"$(inherited)",
					"@executable_path/Frameworks",
					"@loader_path/Frameworks",
				);
				OTHER_LDFLAGS = (
					"-ObjC",
					"-lc++",
					"$(inherited)",
				);
				PRODUCT_BUNDLE_IDENTIFIER = "org.reactjs.native.example.$(PRODUCT_NAME:rfc1034identifier)";
				PRODUCT_NAME = "$(TARGET_NAME)";
				TEST_HOST = "$(BUILT_PRODUCTS_DIR)/goteddytext.app/goteddytext";
			};
			name = Debug;
		};
		00E356F71AD99517003FC87E /* Release */ = {
			isa = XCBuildConfiguration;
			baseConfigurationReference = 1D0AE47A65C8663E3B452821 /* Pods-goteddytext-goteddytextTests.release.xcconfig */;
			buildSettings = {
				BUNDLE_LOADER = "$(TEST_HOST)";
				COPY_PHASE_STRIP = NO;
				INFOPLIST_FILE = goteddytextTests/Info.plist;
				IPHONEOS_DEPLOYMENT_TARGET = 11.0;
				LD_RUNPATH_SEARCH_PATHS = (
					"$(inherited)",
					"@executable_path/Frameworks",
					"@loader_path/Frameworks",
				);
				OTHER_LDFLAGS = (
					"-ObjC",
					"-lc++",
					"$(inherited)",
				);
				PRODUCT_BUNDLE_IDENTIFIER = "org.reactjs.native.example.$(PRODUCT_NAME:rfc1034identifier)";
				PRODUCT_NAME = "$(TARGET_NAME)";
				TEST_HOST = "$(BUILT_PRODUCTS_DIR)/goteddytext.app/goteddytext";
			};
			name = Release;
		};
		13B07F941A680F5B00A75B9A /* Debug */ = {
			isa = XCBuildConfiguration;
			baseConfigurationReference = C0A881CF5CF3F2B244570E2A /* Pods-goteddytext.debug.xcconfig */;
			buildSettings = {
				ASSETCATALOG_COMPILER_APPICON_NAME = AppIcon;
				CLANG_ENABLE_MODULES = YES;
				CURRENT_PROJECT_VERSION = 1;
				ENABLE_BITCODE = NO;
				INFOPLIST_FILE = goteddytext/Info.plist;
				LD_RUNPATH_SEARCH_PATHS = (
					"$(inherited)",
					"@executable_path/Frameworks",
				);
				OTHER_LDFLAGS = (
					"$(inherited)",
					"-ObjC",
					"-lc++",
				);
				PRODUCT_BUNDLE_IDENTIFIER = "org.reactjs.native.example.$(PRODUCT_NAME:rfc1034identifier)";
				PRODUCT_NAME = goteddytext;
				SWIFT_OPTIMIZATION_LEVEL = "-Onone";
				SWIFT_VERSION = 5.0;
				VERSIONING_SYSTEM = "apple-generic";
			};
			name = Debug;
		};
		13B07F951A680F5B00A75B9A /* Release */ = {
			isa = XCBuildConfiguration;
			baseConfigurationReference = D00AAFFCFCFDA5787532823F /* Pods-goteddytext.release.xcconfig */;
			buildSettings = {
				ASSETCATALOG_COMPILER_APPICON_NAME = AppIcon;
				CLANG_ENABLE_MODULES = YES;
				CURRENT_PROJECT_VERSION = 1;
				INFOPLIST_FILE = goteddytext/Info.plist;
				LD_RUNPATH_SEARCH_PATHS = (
					"$(inherited)",
					"@executable_path/Frameworks",
				);
				OTHER_LDFLAGS = (
					"$(inherited)",
					"-ObjC",
					"-lc++",
				);
				PRODUCT_BUNDLE_IDENTIFIER = "org.reactjs.native.example.$(PRODUCT_NAME:rfc1034identifier)";
				PRODUCT_NAME = goteddytext;
				SWIFT_VERSION = 5.0;
				VERSIONING_SYSTEM = "apple-generic";
			};
			name = Release;
		};
		83CBBA201A601CBA00E9B192 /* Debug */ = {
			isa = XCBuildConfiguration;
			buildSettings = {
				ALWAYS_SEARCH_USER_PATHS = NO;
				CLANG_ANALYZER_LOCALIZABILITY_NONLOCALIZED = YES;
				CLANG_CXX_LANGUAGE_STANDARD = "gnu++0x";
				CLANG_CXX_LIBRARY = "libc++";
				CLANG_ENABLE_MODULES = YES;
				CLANG_ENABLE_OBJC_ARC = YES;
				CLANG_WARN_BLOCK_CAPTURE_AUTORELEASING = YES;
				CLANG_WARN_BOOL_CONVERSION = YES;
				CLANG_WARN_COMMA = YES;
				CLANG_WARN_CONSTANT_CONVERSION = YES;
				CLANG_WARN_DEPRECATED_OBJC_IMPLEMENTATIONS = YES;
				CLANG_WARN_DIRECT_OBJC_ISA_USAGE = YES_ERROR;
				CLANG_WARN_EMPTY_BODY = YES;
				CLANG_WARN_ENUM_CONVERSION = YES;
				CLANG_WARN_INFINITE_RECURSION = YES;
				CLANG_WARN_INT_CONVERSION = YES;
				CLANG_WARN_NON_LITERAL_NULL_CONVERSION = YES;
				CLANG_WARN_OBJC_IMPLICIT_RETAIN_SELF = YES;
				CLANG_WARN_OBJC_LITERAL_CONVERSION = YES;
				CLANG_WARN_OBJC_ROOT_CLASS = YES_ERROR;
				CLANG_WARN_QUOTED_INCLUDE_IN_FRAMEWORK_HEADER = YES;
				CLANG_WARN_RANGE_LOOP_ANALYSIS = YES;
				CLANG_WARN_STRICT_PROTOTYPES = YES;
				CLANG_WARN_SUSPICIOUS_MOVE = YES;
				CLANG_WARN_UNREACHABLE_CODE = YES;
				CLANG_WARN__DUPLICATE_METHOD_MATCH = YES;
				"CODE_SIGN_IDENTITY[sdk=iphoneos*]" = "iPhone Developer";
				COPY_PHASE_STRIP = NO;
				ENABLE_STRICT_OBJC_MSGSEND = YES;
				ENABLE_TESTABILITY = YES;
				"EXCLUDED_ARCHS[sdk=iphonesimulator*]" = "";
				GCC_C_LANGUAGE_STANDARD = gnu99;
				GCC_DYNAMIC_NO_PIC = NO;
				GCC_NO_COMMON_BLOCKS = YES;
				GCC_OPTIMIZATION_LEVEL = 0;
				GCC_PREPROCESSOR_DEFINITIONS = (
					"DEBUG=1",
					"$(inherited)",
				);
				GCC_SYMBOLS_PRIVATE_EXTERN = NO;
				GCC_WARN_64_TO_32_BIT_CONVERSION = YES;
				GCC_WARN_ABOUT_RETURN_TYPE = YES_ERROR;
				GCC_WARN_UNDECLARED_SELECTOR = YES;
				GCC_WARN_UNINITIALIZED_AUTOS = YES_AGGRESSIVE;
				GCC_WARN_UNUSED_FUNCTION = YES;
				GCC_WARN_UNUSED_VARIABLE = YES;
				IPHONEOS_DEPLOYMENT_TARGET = 11.0;
				LD_RUNPATH_SEARCH_PATHS = (
					/usr/lib/swift,
					"$(inherited)",
				);
				LIBRARY_SEARCH_PATHS = (
					"\"$(SDKROOT)/usr/lib/swift\"",
					"\"$(TOOLCHAIN_DIR)/usr/lib/swift/$(PLATFORM_NAME)\"",
					"\"$(inherited)\"",
				);
				MTL_ENABLE_DEBUG_INFO = YES;
				ONLY_ACTIVE_ARCH = YES;
				SDKROOT = iphoneos;
			};
			name = Debug;
		};
		83CBBA211A601CBA00E9B192 /* Release */ = {
			isa = XCBuildConfiguration;
			buildSettings = {
				ALWAYS_SEARCH_USER_PATHS = NO;
				CLANG_ANALYZER_LOCALIZABILITY_NONLOCALIZED = YES;
				CLANG_CXX_LANGUAGE_STANDARD = "gnu++0x";
				CLANG_CXX_LIBRARY = "libc++";
				CLANG_ENABLE_MODULES = YES;
				CLANG_ENABLE_OBJC_ARC = YES;
				CLANG_WARN_BLOCK_CAPTURE_AUTORELEASING = YES;
				CLANG_WARN_BOOL_CONVERSION = YES;
				CLANG_WARN_COMMA = YES;
				CLANG_WARN_CONSTANT_CONVERSION = YES;
				CLANG_WARN_DEPRECATED_OBJC_IMPLEMENTATIONS = YES;
				CLANG_WARN_DIRECT_OBJC_ISA_USAGE = YES_ERROR;
				CLANG_WARN_EMPTY_BODY = YES;
				CLANG_WARN_ENUM_CONVERSION = YES;
				CLANG_WARN_INFINITE_RECURSION = YES;
				CLANG_WARN_INT_CONVERSION = YES;
				CLANG_WARN_NON_LITERAL_NULL_CONVERSION = YES;
				CLANG_WARN_OBJC_IMPLICIT_RETAIN_SELF = YES;
				CLANG_WARN_OBJC_LITERAL_CONVERSION = YES;
				CLANG_WARN_OBJC_ROOT_CLASS = YES_ERROR;
				CLANG_WARN_QUOTED_INCLUDE_IN_FRAMEWORK_HEADER = YES;
				CLANG_WARN_RANGE_LOOP_ANALYSIS = YES;
				CLANG_WARN_STRICT_PROTOTYPES = YES;
				CLANG_WARN_SUSPICIOUS_MOVE = YES;
				CLANG_WARN_UNREACHABLE_CODE = YES;
				CLANG_WARN__DUPLICATE_METHOD_MATCH = YES;
				"CODE_SIGN_IDENTITY[sdk=iphoneos*]" = "iPhone Developer";
				COPY_PHASE_STRIP = YES;
				ENABLE_NS_ASSERTIONS = NO;
				ENABLE_STRICT_OBJC_MSGSEND = YES;
				"EXCLUDED_ARCHS[sdk=iphonesimulator*]" = "";
				GCC_C_LANGUAGE_STANDARD = gnu99;
				GCC_NO_COMMON_BLOCKS = YES;
				GCC_WARN_64_TO_32_BIT_CONVERSION = YES;
				GCC_WARN_ABOUT_RETURN_TYPE = YES_ERROR;
				GCC_WARN_UNDECLARED_SELECTOR = YES;
				GCC_WARN_UNINITIALIZED_AUTOS = YES_AGGRESSIVE;
				GCC_WARN_UNUSED_FUNCTION = YES;
				GCC_WARN_UNUSED_VARIABLE = YES;
				IPHONEOS_DEPLOYMENT_TARGET = 11.0;
				LD_RUNPATH_SEARCH_PATHS = (
					/usr/lib/swift,
					"$(inherited)",
				);
				LIBRARY_SEARCH_PATHS = (
					"\"$(SDKROOT)/usr/lib/swift\"",
					"\"$(TOOLCHAIN_DIR)/usr/lib/swift/$(PLATFORM_NAME)\"",
					"\"$(inherited)\"",
				);
				MTL_ENABLE_DEBUG_INFO = NO;
				SDKROOT = iphoneos;
				VALIDATE_PRODUCT = YES;
			};
			name = Release;
		};
/* End XCBuildConfiguration section */

/* Begin XCConfigurationList section */
		00E357021AD99517003FC87E /* Build configuration list for PBXNativeTarget "goteddytextTests" */ = {
			isa = XCConfigurationList;
			buildConfigurations = (
				00E356F61AD99517003FC87E /* Debug */,
				00E356F71AD99517003FC87E /* Release */,
			);
			defaultConfigurationIsVisible = 0;
			defaultConfigurationName = Release;
		};
		13B07F931A680F5B00A75B9A /* Build configuration list for PBXNativeTarget "goteddytext" */ = {
			isa = XCConfigurationList;
			buildConfigurations = (
				13B07F941A680F5B00A75B9A /* Debug */,
				13B07F951A680F5B00A75B9A /* Release */,
			);
			defaultConfigurationIsVisible = 0;
			defaultConfigurationName = Release;
		};
		83CBB9FA1A601CBA00E9B192 /* Build configuration list for PBXProject "goteddytext" */ = {
			isa = XCConfigurationList;
			buildConfigurations = (
				83CBBA201A601CBA00E9B192 /* Debug */,
				83CBBA211A601CBA00E9B192 /* Release */,
			);
			defaultConfigurationIsVisible = 0;
			defaultConfigurationName = Release;
		};
/* End XCConfigurationList section */
	};
	rootObject = 83CBB9F71A601CBA00E9B192 /* Project object */;
}
